
Microsoft Visual Studio Solution File, Format Version 12.00
# Visual Studio Version 17
VisualStudioVersion = 17.4.33205.214
MinimumVisualStudioVersion = 10.0.40219.1
Project("{9A19103F-16F7-4668-BE54-9A1E7A4F7556}") = "GardenAppUI", "GardenAppUI\GardenAppUI.csproj", "{8EE4C867-0AC4-40C0-A0B0-1C38A720D623}"
EndProject
Project("{9A19103F-16F7-4668-BE54-9A1E7A4F7556}") = "DataAccessLibrary", "..\DataAccessLibrary\DataAccessLibrary.csproj", "{A5025210-D1D7-40E5-8C6C-1A8D939ACEAD}"
EndProject
Project("{00D1A9C2-B5F0-4AF3-8072-F6C62B433612}") = "SQLDatabase", "SQLDatabase\SQLDatabase.sqlproj", "{B249162D-ABE9-4A6D-9958-7A39D97F4016}"
EndProject
Global
	GlobalSection(SolutionConfigurationPlatforms) = preSolution
		Debug|Any CPU = Debug|Any CPU
		Release|Any CPU = Release|Any CPU
	EndGlobalSection
	GlobalSection(ProjectConfigurationPlatforms) = postSolution
		{8EE4C867-0AC4-40C0-A0B0-1C38A720D623}.Debug|Any CPU.ActiveCfg = Debug|Any CPU
		{8EE4C867-0AC4-40C0-A0B0-1C38A720D623}.Debug|Any CPU.Build.0 = Debug|Any CPU
		{8EE4C867-0AC4-40C0-A0B0-1C38A720D623}.Release|Any CPU.ActiveCfg = Release|Any CPU
		{8EE4C867-0AC4-40C0-A0B0-1C38A720D623}.Release|Any CPU.Build.0 = Release|Any CPU
		{A5025210-D1D7-40E5-8C6C-1A8D939ACEAD}.Debug|Any CPU.ActiveCfg = Debug|Any CPU
		{A5025210-D1D7-40E5-8C6C-1A8D939ACEAD}.Debug|Any CPU.Build.0 = Debug|Any CPU
		{A5025210-D1D7-40E5-8C6C-1A8D939ACEAD}.Release|Any CPU.ActiveCfg = Release|Any CPU
		{A5025210-D1D7-40E5-8C6C-1A8D939ACEAD}.Release|Any CPU.Build.0 = Release|Any CPU
		{B249162D-ABE9-4A6D-9958-7A39D97F4016}.Debug|Any CPU.ActiveCfg = Debug|Any CPU
		{B249162D-ABE9-4A6D-9958-7A39D97F4016}.Debug|Any CPU.Build.0 = Debug|Any CPU
		{B249162D-ABE9-4A6D-9958-7A39D97F4016}.Debug|Any CPU.Deploy.0 = Debug|Any CPU
		{B249162D-ABE9-4A6D-9958-7A39D97F4016}.Release|Any CPU.ActiveCfg = Release|Any CPU
		{B249162D-ABE9-4A6D-9958-7A39D97F4016}.Release|Any CPU.Build.0 = Release|Any CPU
		{B249162D-ABE9-4A6D-9958-7A39D97F4016}.Release|Any CPU.Deploy.0 = Release|Any CPU
	EndGlobalSection
	GlobalSection(SolutionProperties) = preSolution
		HideSolutionNode = FALSE
	EndGlobalSection
	GlobalSection(ExtensibilityGlobals) = postSolution
		SolutionGuid = {6397CB25-763E-4862-AF33-591E953F30D7}
	EndGlobalSection
EndGlobal
